// !$*UTF8*$!
{
	archiveVersion = 1;
	classes = {
	};
	objectVersion = 50;
	objects = {

/* Begin PBXBuildFile section */
		058557BB273AAA24004C7B11 /* Assets.xcassets in Resources */ = {isa = PBXBuildFile; fileRef = 058557BA273AAA24004C7B11 /* Assets.xcassets */; };
		058557D9273AAEEB004C7B11 /* Preview Assets.xcassets in Resources */ = {isa = PBXBuildFile; fileRef = 058557D8273AAEEB004C7B11 /* Preview Assets.xcassets */; };
		3FC97F7E2970B49800AD2281 /* v3d_evergreen_tree_1.png in Resources */ = {isa = PBXBuildFile; fileRef = 3FC97F2E2970B49800AD2281 /* v3d_evergreen_tree_1.png */; };
		3FC97F7F2970B49800AD2281 /* v3d_user_location_pin.png in Resources */ = {isa = PBXBuildFile; fileRef = 3FC97F2F2970B49800AD2281 /* v3d_user_location_pin.png */; };
		3FC97F802970B49800AD2281 /* v3d_gpsmap_sand.png in Resources */ = {isa = PBXBuildFile; fileRef = 3FC97F302970B49800AD2281 /* v3d_gpsmap_sand.png */; };
		3FC97F812970B49800AD2281 /* v2d_tree.png in Resources */ = {isa = PBXBuildFile; fileRef = 3FC97F312970B49800AD2281 /* v2d_tree.png */; };
		3FC97F822970B49800AD2281 /* v3d_sky_gradient.png in Resources */ = {isa = PBXBuildFile; fileRef = 3FC97F322970B49800AD2281 /* v3d_sky_gradient.png */; };
		3FC97F832970B49800AD2281 /* v3d_tree_4_desert.png in Resources */ = {isa = PBXBuildFile; fileRef = 3FC97F332970B49800AD2281 /* v3d_tree_4_desert.png */; };
		3FC97F842970B49800AD2281 /* v3d_evergreen_tree_4_shadow.png in Resources */ = {isa = PBXBuildFile; fileRef = 3FC97F342970B49800AD2281 /* v3d_evergreen_tree_4_shadow.png */; };
		3FC97F852970B49800AD2281 /* v3d_evergreen_tree_3.png in Resources */ = {isa = PBXBuildFile; fileRef = 3FC97F352970B49800AD2281 /* v3d_evergreen_tree_3.png */; };
		3FC97F862970B49800AD2281 /* v3d_tree_2_shadow.png in Resources */ = {isa = PBXBuildFile; fileRef = 3FC97F362970B49800AD2281 /* v3d_tree_2_shadow.png */; };
		3FC97F872970B49800AD2281 /* v3d_evergreen_tree_2.png in Resources */ = {isa = PBXBuildFile; fileRef = 3FC97F372970B49800AD2281 /* v3d_evergreen_tree_2.png */; };
		3FC97F882970B49800AD2281 /* v3d_background.png in Resources */ = {isa = PBXBuildFile; fileRef = 3FC97F382970B49800AD2281 /* v3d_background.png */; };
		3FC97F892970B49800AD2281 /* v3d_cart_marker_bg.png in Resources */ = {isa = PBXBuildFile; fileRef = 3FC97F392970B49800AD2281 /* v3d_cart_marker_bg.png */; };
		3FC97F8A2970B49800AD2281 /* v3d_gpsmap_sand_border.png in Resources */ = {isa = PBXBuildFile; fileRef = 3FC97F3A2970B49800AD2281 /* v3d_gpsmap_sand_border.png */; };
		3FC97F8B2970B49800AD2281 /* v3d_gpsmap_creek_border.png in Resources */ = {isa = PBXBuildFile; fileRef = 3FC97F3B2970B49800AD2281 /* v3d_gpsmap_creek_border.png */; };
		3FC97F8C2970B49800AD2281 /* v3d_tree_1_desert.png in Resources */ = {isa = PBXBuildFile; fileRef = 3FC97F3C2970B49800AD2281 /* v3d_tree_1_desert.png */; };
		3FC97F8D2970B49800AD2281 /* v3d_evergreen_tree_1_shadow.png in Resources */ = {isa = PBXBuildFile; fileRef = 3FC97F3D2970B49800AD2281 /* v3d_evergreen_tree_1_shadow.png */; };
		3FC97F8E2970B49800AD2281 /* v3d_evergreen_tree_6.png in Resources */ = {isa = PBXBuildFile; fileRef = 3FC97F3E2970B49800AD2281 /* v3d_evergreen_tree_6.png */; };
		3FC97F8F2970B49800AD2281 /* v3d_frontgreen_distance_target.png in Resources */ = {isa = PBXBuildFile; fileRef = 3FC97F3F2970B49800AD2281 /* v3d_frontgreen_distance_target.png */; };
		3FC97F902970B49800AD2281 /* v3d_gpsmap_viewercurrentloc.png in Resources */ = {isa = PBXBuildFile; fileRef = 3FC97F402970B49800AD2281 /* v3d_gpsmap_viewercurrentloc.png */; };
		3FC97F912970B49800AD2281 /* v3d_evergreen_tree_5.png in Resources */ = {isa = PBXBuildFile; fileRef = 3FC97F412970B49800AD2281 /* v3d_evergreen_tree_5.png */; };
		3FC97F922970B49800AD2281 /* v3d_sky_clouds.png in Resources */ = {isa = PBXBuildFile; fileRef = 3FC97F422970B49800AD2281 /* v3d_sky_clouds.png */; };
		3FC97F932970B49800AD2281 /* v3d_evergreen_tree_4.png in Resources */ = {isa = PBXBuildFile; fileRef = 3FC97F432970B49800AD2281 /* v3d_evergreen_tree_4.png */; };
		3FC97F942970B49800AD2281 /* v3d_tree_1.png in Resources */ = {isa = PBXBuildFile; fileRef = 3FC97F442970B49800AD2281 /* v3d_tree_1.png */; };
		3FC97F952970B49800AD2281 /* v3d_gpsmap_teebox_1.png in Resources */ = {isa = PBXBuildFile; fileRef = 3FC97F452970B49800AD2281 /* v3d_gpsmap_teebox_1.png */; };
		3FC97F962970B49800AD2281 /* v3d_gpsmap_bridge.png in Resources */ = {isa = PBXBuildFile; fileRef = 3FC97F462970B49800AD2281 /* v3d_gpsmap_bridge.png */; };
		3FC97F972970B49800AD2281 /* v3d_gpsmap_cart_path.png in Resources */ = {isa = PBXBuildFile; fileRef = 3FC97F472970B49800AD2281 /* v3d_gpsmap_cart_path.png */; };
		3FC97F982970B49800AD2281 /* v3d_custom_distance_target.png in Resources */ = {isa = PBXBuildFile; fileRef = 3FC97F482970B49800AD2281 /* v3d_custom_distance_target.png */; };
		3FC97F992970B49800AD2281 /* v3d_tree_2.png in Resources */ = {isa = PBXBuildFile; fileRef = 3FC97F492970B49800AD2281 /* v3d_tree_2.png */; };
		3FC97F9A2970B49800AD2281 /* v3d_tree_3.png in Resources */ = {isa = PBXBuildFile; fileRef = 3FC97F4A2970B49800AD2281 /* v3d_tree_3.png */; };
		3FC97F9B2970B49800AD2281 /* v3d_gpsmap_pond.png in Resources */ = {isa = PBXBuildFile; fileRef = 3FC97F4B2970B49800AD2281 /* v3d_gpsmap_pond.png */; };
		3FC97F9C2970B49800AD2281 /* v3d_evergreen_tree_6_shadow.png in Resources */ = {isa = PBXBuildFile; fileRef = 3FC97F4C2970B49800AD2281 /* v3d_evergreen_tree_6_shadow.png */; };
		3FC97F9D2970B49800AD2281 /* v3d_background_desert.png in Resources */ = {isa = PBXBuildFile; fileRef = 3FC97F4D2970B49800AD2281 /* v3d_background_desert.png */; };
		3FC97F9E2970B49800AD2281 /* v3d_tree_5_shadow.png in Resources */ = {isa = PBXBuildFile; fileRef = 3FC97F4E2970B49800AD2281 /* v3d_tree_5_shadow.png */; };
		3FC97F9F2970B49800AD2281 /* v3d_tree_3_desert.png in Resources */ = {isa = PBXBuildFile; fileRef = 3FC97F4F2970B49800AD2281 /* v3d_tree_3_desert.png */; };
		3FC97FA02970B49800AD2281 /* v3d_evergreen_tree_3_shadow.png in Resources */ = {isa = PBXBuildFile; fileRef = 3FC97F502970B49800AD2281 /* v3d_evergreen_tree_3_shadow.png */; };
		3FC97FA12970B49800AD2281 /* v3d_gpsmap_fairway.png in Resources */ = {isa = PBXBuildFile; fileRef = 3FC97F512970B49800AD2281 /* v3d_gpsmap_fairway.png */; };
		3FC97FA22970B49800AD2281 /* v3d_gpsmap_bunker.png in Resources */ = {isa = PBXBuildFile; fileRef = 3FC97F522970B49800AD2281 /* v3d_gpsmap_bunker.png */; };
		3FC97FA32970B49800AD2281 /* v3d_gpsmap_creek.png in Resources */ = {isa = PBXBuildFile; fileRef = 3FC97F532970B49800AD2281 /* v3d_gpsmap_creek.png */; };
		3FC97FA42970B49800AD2281 /* v2d_callout.png in Resources */ = {isa = PBXBuildFile; fileRef = 3FC97F542970B49800AD2281 /* v2d_callout.png */; };
		3FC97FA52970B49800AD2281 /* v3d_gpsmap_lake.png in Resources */ = {isa = PBXBuildFile; fileRef = 3FC97F552970B49800AD2281 /* v3d_gpsmap_lake.png */; };
		3FC97FA62970B49800AD2281 /* v3d_tree_4.png in Resources */ = {isa = PBXBuildFile; fileRef = 3FC97F562970B49800AD2281 /* v3d_tree_4.png */; };
		3FC97FA72970B49800AD2281 /* v3d_gpsmap_green_border.png in Resources */ = {isa = PBXBuildFile; fileRef = 3FC97F572970B49800AD2281 /* v3d_gpsmap_green_border.png */; };
		3FC97FA82970B49800AD2281 /* v3d_bunker.png in Resources */ = {isa = PBXBuildFile; fileRef = 3FC97F582970B49800AD2281 /* v3d_bunker.png */; };
		3FC97FA92970B49800AD2281 /* v3d_tree_5.png in Resources */ = {isa = PBXBuildFile; fileRef = 3FC97F592970B49800AD2281 /* v3d_tree_5.png */; };
		3FC97FAA2970B49800AD2281 /* v3d_tree_4_transparent.png in Resources */ = {isa = PBXBuildFile; fileRef = 3FC97F5A2970B49800AD2281 /* v3d_tree_4_transparent.png */; };
		3FC97FAB2970B49800AD2281 /* v3d_gpsmap_background.png in Resources */ = {isa = PBXBuildFile; fileRef = 3FC97F5B2970B49800AD2281 /* v3d_gpsmap_background.png */; };
		3FC97FAC2970B49800AD2281 /* v3d_tree_3_shadow_desert.png in Resources */ = {isa = PBXBuildFile; fileRef = 3FC97F5C2970B49800AD2281 /* v3d_tree_3_shadow_desert.png */; };
		3FC97FAD2970B49800AD2281 /* v2d_current_location.png in Resources */ = {isa = PBXBuildFile; fileRef = 3FC97F5D2970B49800AD2281 /* v2d_current_location.png */; };
		3FC97FAE2970B49800AD2281 /* v3d_gpsmap_green.png in Resources */ = {isa = PBXBuildFile; fileRef = 3FC97F5E2970B49800AD2281 /* v3d_gpsmap_green.png */; };
		3FC97FAF2970B49800AD2281 /* v3d_gpsmap_pond_border.png in Resources */ = {isa = PBXBuildFile; fileRef = 3FC97F5F2970B49800AD2281 /* v3d_gpsmap_pond_border.png */; };
		3FC97FB02970B49800AD2281 /* v3d_gpsmap_callout.png in Resources */ = {isa = PBXBuildFile; fileRef = 3FC97F602970B49800AD2281 /* v3d_gpsmap_callout.png */; };
		3FC97FB12970B49800AD2281 /* v3d_tree_2_shadow_desert.png in Resources */ = {isa = PBXBuildFile; fileRef = 3FC97F612970B49800AD2281 /* v3d_tree_2_shadow_desert.png */; };
		3FC97FB22970B49800AD2281 /* v3d_backgreen_distance_target.png in Resources */ = {isa = PBXBuildFile; fileRef = 3FC97F622970B49800AD2281 /* v3d_backgreen_distance_target.png */; };
		3FC97FB32970B49800AD2281 /* v2d_cursor.png in Resources */ = {isa = PBXBuildFile; fileRef = 3FC97F632970B49800AD2281 /* v2d_cursor.png */; };
		3FC97FB42970B49800AD2281 /* v3d_evergreen_tree_5_shadow.png in Resources */ = {isa = PBXBuildFile; fileRef = 3FC97F642970B49800AD2281 /* v3d_evergreen_tree_5_shadow.png */; };
		3FC97FB52970B49800AD2281 /* v3d_tree_3_shadow.png in Resources */ = {isa = PBXBuildFile; fileRef = 3FC97F652970B49800AD2281 /* v3d_tree_3_shadow.png */; };
		3FC97FB62970B49800AD2281 /* v3d_tree_4_shadow.png in Resources */ = {isa = PBXBuildFile; fileRef = 3FC97F662970B49800AD2281 /* v3d_tree_4_shadow.png */; };
		3FC97FB72970B49800AD2281 /* v3d_gpsmap_teebox.png in Resources */ = {isa = PBXBuildFile; fileRef = 3FC97F672970B49800AD2281 /* v3d_gpsmap_teebox.png */; };
		3FC97FB82970B49800AD2281 /* v3d_gpsmap_teebox_border.png in Resources */ = {isa = PBXBuildFile; fileRef = 3FC97F682970B49800AD2281 /* v3d_gpsmap_teebox_border.png */; };
		3FC97FB92970B49800AD2281 /* v3d_tree_1_shadow_desert.png in Resources */ = {isa = PBXBuildFile; fileRef = 3FC97F692970B49800AD2281 /* v3d_tree_1_shadow_desert.png */; };
		3FC97FBA2970B49800AD2281 /* v3d_tree_2_desert.png in Resources */ = {isa = PBXBuildFile; fileRef = 3FC97F6A2970B49800AD2281 /* v3d_tree_2_desert.png */; };
		3FC97FBB2970B49800AD2281 /* v3d_evergreen_tree_2_shadow.png in Resources */ = {isa = PBXBuildFile; fileRef = 3FC97F6B2970B49800AD2281 /* v3d_evergreen_tree_2_shadow.png */; };
		3FC97FBC2970B49800AD2281 /* v3d_gpsmap_lava.png in Resources */ = {isa = PBXBuildFile; fileRef = 3FC97F6C2970B49800AD2281 /* v3d_gpsmap_lava.png */; };
		3FC97FBD2970B49800AD2281 /* v3d_gpsmap_ocean.png in Resources */ = {isa = PBXBuildFile; fileRef = 3FC97F6D2970B49800AD2281 /* v3d_gpsmap_ocean.png */; };
		3FC97FBE2970B49800AD2281 /* v3d_tree_4_shadow_desert.png in Resources */ = {isa = PBXBuildFile; fileRef = 3FC97F6E2970B49800AD2281 /* v3d_tree_4_shadow_desert.png */; };
		3FC97FBF2970B49800AD2281 /* v3d_gpsmap_flag.png in Resources */ = {isa = PBXBuildFile; fileRef = 3FC97F6F2970B49800AD2281 /* v3d_gpsmap_flag.png */; };
		3FC97FC02970B49800AD2281 /* v3d_gpsmap_bunker_border.png in Resources */ = {isa = PBXBuildFile; fileRef = 3FC97F702970B49800AD2281 /* v3d_gpsmap_bunker_border.png */; };
		3FC97FC12970B49800AD2281 /* v3d_gpsmap_ocean_border.png in Resources */ = {isa = PBXBuildFile; fileRef = 3FC97F712970B49800AD2281 /* v3d_gpsmap_ocean_border.png */; };
		3FC97FC22970B49800AD2281 /* v3d_gpsmap_fairway_border.png in Resources */ = {isa = PBXBuildFile; fileRef = 3FC97F722970B49800AD2281 /* v3d_gpsmap_fairway_border.png */; };
		3FC97FC32970B49800AD2281 /* v3d_gpsmap_background_1.png in Resources */ = {isa = PBXBuildFile; fileRef = 3FC97F732970B49800AD2281 /* v3d_gpsmap_background_1.png */; };
		3FC97FC42970B49800AD2281 /* v3d_gpsmap_lake_border.png in Resources */ = {isa = PBXBuildFile; fileRef = 3FC97F742970B49800AD2281 /* v3d_gpsmap_lake_border.png */; };
		3FC97FC52970B49800AD2281 /* v3d_tree_1_shadow.png in Resources */ = {isa = PBXBuildFile; fileRef = 3FC97F752970B49800AD2281 /* v3d_tree_1_shadow.png */; };
		3FC97FC62970B49800AD2281 /* libiGolfViewer3D.a in Frameworks */ = {isa = PBXBuildFile; fileRef = 3FC97F772970B49800AD2281 /* libiGolfViewer3D.a */; };
		3FC97FCB2970B5A800AD2281 /* AppDelegate.swift in Sources */ = {isa = PBXBuildFile; fileRef = 3FC97FC92970B5A700AD2281 /* AppDelegate.swift */; };
		3FC97FCC2970B5A800AD2281 /* SceneDelegate.swift in Sources */ = {isa = PBXBuildFile; fileRef = 3FC97FCA2970B5A700AD2281 /* SceneDelegate.swift */; };
		3FC97FD02970B5D600AD2281 /* RenderMapViewController.swift in Sources */ = {isa = PBXBuildFile; fileRef = 3FC97FCE2970B5D600AD2281 /* RenderMapViewController.swift */; };
		3FC97FD92970B66500AD2281 /* img_app_logo.png in Resources */ = {isa = PBXBuildFile; fileRef = 3FC97FD42970B66500AD2281 /* img_app_logo.png */; };
		3FC97FDA2970B66500AD2281 /* strings.xml in Resources */ = {isa = PBXBuildFile; fileRef = 3FC97FD62970B66500AD2281 /* strings.xml */; };
		3FC97FDB2970B66500AD2281 /* bebas_neue.ttf in Resources */ = {isa = PBXBuildFile; fileRef = 3FC97FD82970B66500AD2281 /* bebas_neue.ttf */; };
		3FC97FE12970C29F00AD2281 /* socket_IO.framework in Embed Frameworks */ = {isa = PBXBuildFile; fileRef = 3FC97FE02970C29F00AD2281 /* socket_IO.framework */; settings = {ATTRIBUTES = (CodeSignOnCopy, RemoveHeadersOnCopy, ); }; };
		3FC97FE32970C2AD00AD2281 /* SocketRocket.framework in Embed Frameworks */ = {isa = PBXBuildFile; fileRef = 3FC97FE22970C2AD00AD2281 /* SocketRocket.framework */; settings = {ATTRIBUTES = (CodeSignOnCopy, RemoveHeadersOnCopy, ); }; };
/* End PBXBuildFile section */

/* Begin PBXCopyFilesBuildPhase section */
		7555FFB4242A642300829871 /* Embed Frameworks */ = {
			isa = PBXCopyFilesBuildPhase;
			buildActionMask = 2147483647;
			dstPath = "";
			dstSubfolderSpec = 10;
			files = (
				3FC97FE32970C2AD00AD2281 /* SocketRocket.framework in Embed Frameworks */,
				3FC97FE12970C29F00AD2281 /* socket_IO.framework in Embed Frameworks */,
			);
			name = "Embed Frameworks";
			runOnlyForDeploymentPostprocessing = 0;
		};
/* End PBXCopyFilesBuildPhase section */

/* Begin PBXFileReference section */
		058557BA273AAA24004C7B11 /* Assets.xcassets */ = {isa = PBXFileReference; lastKnownFileType = folder.assetcatalog; path = Assets.xcassets; sourceTree = "<group>"; };
		058557D8273AAEEB004C7B11 /* Preview Assets.xcassets */ = {isa = PBXFileReference; lastKnownFileType = folder.assetcatalog; path = "Preview Assets.xcassets"; sourceTree = "<group>"; };
		3FC97F2E2970B49800AD2281 /* v3d_evergreen_tree_1.png */ = {isa = PBXFileReference; lastKnownFileType = image.png; path = v3d_evergreen_tree_1.png; sourceTree = "<group>"; };
		3FC97F2F2970B49800AD2281 /* v3d_user_location_pin.png */ = {isa = PBXFileReference; lastKnownFileType = image.png; path = v3d_user_location_pin.png; sourceTree = "<group>"; };
		3FC97F302970B49800AD2281 /* v3d_gpsmap_sand.png */ = {isa = PBXFileReference; lastKnownFileType = image.png; path = v3d_gpsmap_sand.png; sourceTree = "<group>"; };
		3FC97F312970B49800AD2281 /* v2d_tree.png */ = {isa = PBXFileReference; lastKnownFileType = image.png; path = v2d_tree.png; sourceTree = "<group>"; };
		3FC97F322970B49800AD2281 /* v3d_sky_gradient.png */ = {isa = PBXFileReference; lastKnownFileType = image.png; path = v3d_sky_gradient.png; sourceTree = "<group>"; };
		3FC97F332970B49800AD2281 /* v3d_tree_4_desert.png */ = {isa = PBXFileReference; lastKnownFileType = image.png; path = v3d_tree_4_desert.png; sourceTree = "<group>"; };
		3FC97F342970B49800AD2281 /* v3d_evergreen_tree_4_shadow.png */ = {isa = PBXFileReference; lastKnownFileType = image.png; path = v3d_evergreen_tree_4_shadow.png; sourceTree = "<group>"; };
		3FC97F352970B49800AD2281 /* v3d_evergreen_tree_3.png */ = {isa = PBXFileReference; lastKnownFileType = image.png; path = v3d_evergreen_tree_3.png; sourceTree = "<group>"; };
		3FC97F362970B49800AD2281 /* v3d_tree_2_shadow.png */ = {isa = PBXFileReference; lastKnownFileType = image.png; path = v3d_tree_2_shadow.png; sourceTree = "<group>"; };
		3FC97F372970B49800AD2281 /* v3d_evergreen_tree_2.png */ = {isa = PBXFileReference; lastKnownFileType = image.png; path = v3d_evergreen_tree_2.png; sourceTree = "<group>"; };
		3FC97F382970B49800AD2281 /* v3d_background.png */ = {isa = PBXFileReference; lastKnownFileType = image.png; path = v3d_background.png; sourceTree = "<group>"; };
		3FC97F392970B49800AD2281 /* v3d_cart_marker_bg.png */ = {isa = PBXFileReference; lastKnownFileType = image.png; path = v3d_cart_marker_bg.png; sourceTree = "<group>"; };
		3FC97F3A2970B49800AD2281 /* v3d_gpsmap_sand_border.png */ = {isa = PBXFileReference; lastKnownFileType = image.png; path = v3d_gpsmap_sand_border.png; sourceTree = "<group>"; };
		3FC97F3B2970B49800AD2281 /* v3d_gpsmap_creek_border.png */ = {isa = PBXFileReference; lastKnownFileType = image.png; path = v3d_gpsmap_creek_border.png; sourceTree = "<group>"; };
		3FC97F3C2970B49800AD2281 /* v3d_tree_1_desert.png */ = {isa = PBXFileReference; lastKnownFileType = image.png; path = v3d_tree_1_desert.png; sourceTree = "<group>"; };
		3FC97F3D2970B49800AD2281 /* v3d_evergreen_tree_1_shadow.png */ = {isa = PBXFileReference; lastKnownFileType = image.png; path = v3d_evergreen_tree_1_shadow.png; sourceTree = "<group>"; };
		3FC97F3E2970B49800AD2281 /* v3d_evergreen_tree_6.png */ = {isa = PBXFileReference; lastKnownFileType = image.png; path = v3d_evergreen_tree_6.png; sourceTree = "<group>"; };
		3FC97F3F2970B49800AD2281 /* v3d_frontgreen_distance_target.png */ = {isa = PBXFileReference; lastKnownFileType = image.png; path = v3d_frontgreen_distance_target.png; sourceTree = "<group>"; };
		3FC97F402970B49800AD2281 /* v3d_gpsmap_viewercurrentloc.png */ = {isa = PBXFileReference; lastKnownFileType = image.png; path = v3d_gpsmap_viewercurrentloc.png; sourceTree = "<group>"; };
		3FC97F412970B49800AD2281 /* v3d_evergreen_tree_5.png */ = {isa = PBXFileReference; lastKnownFileType = image.png; path = v3d_evergreen_tree_5.png; sourceTree = "<group>"; };
		3FC97F422970B49800AD2281 /* v3d_sky_clouds.png */ = {isa = PBXFileReference; lastKnownFileType = image.png; path = v3d_sky_clouds.png; sourceTree = "<group>"; };
		3FC97F432970B49800AD2281 /* v3d_evergreen_tree_4.png */ = {isa = PBXFileReference; lastKnownFileType = image.png; path = v3d_evergreen_tree_4.png; sourceTree = "<group>"; };
		3FC97F442970B49800AD2281 /* v3d_tree_1.png */ = {isa = PBXFileReference; lastKnownFileType = image.png; path = v3d_tree_1.png; sourceTree = "<group>"; };
		3FC97F452970B49800AD2281 /* v3d_gpsmap_teebox_1.png */ = {isa = PBXFileReference; lastKnownFileType = image.png; path = v3d_gpsmap_teebox_1.png; sourceTree = "<group>"; };
		3FC97F462970B49800AD2281 /* v3d_gpsmap_bridge.png */ = {isa = PBXFileReference; lastKnownFileType = image.png; path = v3d_gpsmap_bridge.png; sourceTree = "<group>"; };
		3FC97F472970B49800AD2281 /* v3d_gpsmap_cart_path.png */ = {isa = PBXFileReference; lastKnownFileType = image.png; path = v3d_gpsmap_cart_path.png; sourceTree = "<group>"; };
		3FC97F482970B49800AD2281 /* v3d_custom_distance_target.png */ = {isa = PBXFileReference; lastKnownFileType = image.png; path = v3d_custom_distance_target.png; sourceTree = "<group>"; };
		3FC97F492970B49800AD2281 /* v3d_tree_2.png */ = {isa = PBXFileReference; lastKnownFileType = image.png; path = v3d_tree_2.png; sourceTree = "<group>"; };
		3FC97F4A2970B49800AD2281 /* v3d_tree_3.png */ = {isa = PBXFileReference; lastKnownFileType = image.png; path = v3d_tree_3.png; sourceTree = "<group>"; };
		3FC97F4B2970B49800AD2281 /* v3d_gpsmap_pond.png */ = {isa = PBXFileReference; lastKnownFileType = image.png; path = v3d_gpsmap_pond.png; sourceTree = "<group>"; };
		3FC97F4C2970B49800AD2281 /* v3d_evergreen_tree_6_shadow.png */ = {isa = PBXFileReference; lastKnownFileType = image.png; path = v3d_evergreen_tree_6_shadow.png; sourceTree = "<group>"; };
		3FC97F4D2970B49800AD2281 /* v3d_background_desert.png */ = {isa = PBXFileReference; lastKnownFileType = image.png; path = v3d_background_desert.png; sourceTree = "<group>"; };
		3FC97F4E2970B49800AD2281 /* v3d_tree_5_shadow.png */ = {isa = PBXFileReference; lastKnownFileType = image.png; path = v3d_tree_5_shadow.png; sourceTree = "<group>"; };
		3FC97F4F2970B49800AD2281 /* v3d_tree_3_desert.png */ = {isa = PBXFileReference; lastKnownFileType = image.png; path = v3d_tree_3_desert.png; sourceTree = "<group>"; };
		3FC97F502970B49800AD2281 /* v3d_evergreen_tree_3_shadow.png */ = {isa = PBXFileReference; lastKnownFileType = image.png; path = v3d_evergreen_tree_3_shadow.png; sourceTree = "<group>"; };
		3FC97F512970B49800AD2281 /* v3d_gpsmap_fairway.png */ = {isa = PBXFileReference; lastKnownFileType = image.png; path = v3d_gpsmap_fairway.png; sourceTree = "<group>"; };
		3FC97F522970B49800AD2281 /* v3d_gpsmap_bunker.png */ = {isa = PBXFileReference; lastKnownFileType = image.png; path = v3d_gpsmap_bunker.png; sourceTree = "<group>"; };
		3FC97F532970B49800AD2281 /* v3d_gpsmap_creek.png */ = {isa = PBXFileReference; lastKnownFileType = image.png; path = v3d_gpsmap_creek.png; sourceTree = "<group>"; };
		3FC97F542970B49800AD2281 /* v2d_callout.png */ = {isa = PBXFileReference; lastKnownFileType = image.png; path = v2d_callout.png; sourceTree = "<group>"; };
		3FC97F552970B49800AD2281 /* v3d_gpsmap_lake.png */ = {isa = PBXFileReference; lastKnownFileType = image.png; path = v3d_gpsmap_lake.png; sourceTree = "<group>"; };
		3FC97F562970B49800AD2281 /* v3d_tree_4.png */ = {isa = PBXFileReference; lastKnownFileType = image.png; path = v3d_tree_4.png; sourceTree = "<group>"; };
		3FC97F572970B49800AD2281 /* v3d_gpsmap_green_border.png */ = {isa = PBXFileReference; lastKnownFileType = image.png; path = v3d_gpsmap_green_border.png; sourceTree = "<group>"; };
		3FC97F582970B49800AD2281 /* v3d_bunker.png */ = {isa = PBXFileReference; lastKnownFileType = image.png; path = v3d_bunker.png; sourceTree = "<group>"; };
		3FC97F592970B49800AD2281 /* v3d_tree_5.png */ = {isa = PBXFileReference; lastKnownFileType = image.png; path = v3d_tree_5.png; sourceTree = "<group>"; };
		3FC97F5A2970B49800AD2281 /* v3d_tree_4_transparent.png */ = {isa = PBXFileReference; lastKnownFileType = image.png; path = v3d_tree_4_transparent.png; sourceTree = "<group>"; };
		3FC97F5B2970B49800AD2281 /* v3d_gpsmap_background.png */ = {isa = PBXFileReference; lastKnownFileType = image.png; path = v3d_gpsmap_background.png; sourceTree = "<group>"; };
		3FC97F5C2970B49800AD2281 /* v3d_tree_3_shadow_desert.png */ = {isa = PBXFileReference; lastKnownFileType = image.png; path = v3d_tree_3_shadow_desert.png; sourceTree = "<group>"; };
		3FC97F5D2970B49800AD2281 /* v2d_current_location.png */ = {isa = PBXFileReference; lastKnownFileType = image.png; path = v2d_current_location.png; sourceTree = "<group>"; };
		3FC97F5E2970B49800AD2281 /* v3d_gpsmap_green.png */ = {isa = PBXFileReference; lastKnownFileType = image.png; path = v3d_gpsmap_green.png; sourceTree = "<group>"; };
		3FC97F5F2970B49800AD2281 /* v3d_gpsmap_pond_border.png */ = {isa = PBXFileReference; lastKnownFileType = image.png; path = v3d_gpsmap_pond_border.png; sourceTree = "<group>"; };
		3FC97F602970B49800AD2281 /* v3d_gpsmap_callout.png */ = {isa = PBXFileReference; lastKnownFileType = image.png; path = v3d_gpsmap_callout.png; sourceTree = "<group>"; };
		3FC97F612970B49800AD2281 /* v3d_tree_2_shadow_desert.png */ = {isa = PBXFileReference; lastKnownFileType = image.png; path = v3d_tree_2_shadow_desert.png; sourceTree = "<group>"; };
		3FC97F622970B49800AD2281 /* v3d_backgreen_distance_target.png */ = {isa = PBXFileReference; lastKnownFileType = image.png; path = v3d_backgreen_distance_target.png; sourceTree = "<group>"; };
		3FC97F632970B49800AD2281 /* v2d_cursor.png */ = {isa = PBXFileReference; lastKnownFileType = image.png; path = v2d_cursor.png; sourceTree = "<group>"; };
		3FC97F642970B49800AD2281 /* v3d_evergreen_tree_5_shadow.png */ = {isa = PBXFileReference; lastKnownFileType = image.png; path = v3d_evergreen_tree_5_shadow.png; sourceTree = "<group>"; };
		3FC97F652970B49800AD2281 /* v3d_tree_3_shadow.png */ = {isa = PBXFileReference; lastKnownFileType = image.png; path = v3d_tree_3_shadow.png; sourceTree = "<group>"; };
		3FC97F662970B49800AD2281 /* v3d_tree_4_shadow.png */ = {isa = PBXFileReference; lastKnownFileType = image.png; path = v3d_tree_4_shadow.png; sourceTree = "<group>"; };
		3FC97F672970B49800AD2281 /* v3d_gpsmap_teebox.png */ = {isa = PBXFileReference; lastKnownFileType = image.png; path = v3d_gpsmap_teebox.png; sourceTree = "<group>"; };
		3FC97F682970B49800AD2281 /* v3d_gpsmap_teebox_border.png */ = {isa = PBXFileReference; lastKnownFileType = image.png; path = v3d_gpsmap_teebox_border.png; sourceTree = "<group>"; };
		3FC97F692970B49800AD2281 /* v3d_tree_1_shadow_desert.png */ = {isa = PBXFileReference; lastKnownFileType = image.png; path = v3d_tree_1_shadow_desert.png; sourceTree = "<group>"; };
		3FC97F6A2970B49800AD2281 /* v3d_tree_2_desert.png */ = {isa = PBXFileReference; lastKnownFileType = image.png; path = v3d_tree_2_desert.png; sourceTree = "<group>"; };
		3FC97F6B2970B49800AD2281 /* v3d_evergreen_tree_2_shadow.png */ = {isa = PBXFileReference; lastKnownFileType = image.png; path = v3d_evergreen_tree_2_shadow.png; sourceTree = "<group>"; };
		3FC97F6C2970B49800AD2281 /* v3d_gpsmap_lava.png */ = {isa = PBXFileReference; lastKnownFileType = image.png; path = v3d_gpsmap_lava.png; sourceTree = "<group>"; };
		3FC97F6D2970B49800AD2281 /* v3d_gpsmap_ocean.png */ = {isa = PBXFileReference; lastKnownFileType = image.png; path = v3d_gpsmap_ocean.png; sourceTree = "<group>"; };
		3FC97F6E2970B49800AD2281 /* v3d_tree_4_shadow_desert.png */ = {isa = PBXFileReference; lastKnownFileType = image.png; path = v3d_tree_4_shadow_desert.png; sourceTree = "<group>"; };
		3FC97F6F2970B49800AD2281 /* v3d_gpsmap_flag.png */ = {isa = PBXFileReference; lastKnownFileType = image.png; path = v3d_gpsmap_flag.png; sourceTree = "<group>"; };
		3FC97F702970B49800AD2281 /* v3d_gpsmap_bunker_border.png */ = {isa = PBXFileReference; lastKnownFileType = image.png; path = v3d_gpsmap_bunker_border.png; sourceTree = "<group>"; };
		3FC97F712970B49800AD2281 /* v3d_gpsmap_ocean_border.png */ = {isa = PBXFileReference; lastKnownFileType = image.png; path = v3d_gpsmap_ocean_border.png; sourceTree = "<group>"; };
		3FC97F722970B49800AD2281 /* v3d_gpsmap_fairway_border.png */ = {isa = PBXFileReference; lastKnownFileType = image.png; path = v3d_gpsmap_fairway_border.png; sourceTree = "<group>"; };
		3FC97F732970B49800AD2281 /* v3d_gpsmap_background_1.png */ = {isa = PBXFileReference; lastKnownFileType = image.png; path = v3d_gpsmap_background_1.png; sourceTree = "<group>"; };
		3FC97F742970B49800AD2281 /* v3d_gpsmap_lake_border.png */ = {isa = PBXFileReference; lastKnownFileType = image.png; path = v3d_gpsmap_lake_border.png; sourceTree = "<group>"; };
		3FC97F752970B49800AD2281 /* v3d_tree_1_shadow.png */ = {isa = PBXFileReference; lastKnownFileType = image.png; path = v3d_tree_1_shadow.png; sourceTree = "<group>"; };
		3FC97F772970B49800AD2281 /* libiGolfViewer3D.a */ = {isa = PBXFileReference; lastKnownFileType = archive.ar; path = libiGolfViewer3D.a; sourceTree = "<group>"; };
		3FC97F782970B49800AD2281 /* MeasurementSystem.h */ = {isa = PBXFileReference; fileEncoding = 4; lastKnownFileType = sourcecode.c.h; path = MeasurementSystem.h; sourceTree = "<group>"; };
		3FC97F792970B49800AD2281 /* CalloutsDrawMode.h */ = {isa = PBXFileReference; fileEncoding = 4; lastKnownFileType = sourcecode.c.h; path = CalloutsDrawMode.h; sourceTree = "<group>"; };
		3FC97F7A2970B49800AD2281 /* NavigationMode.h */ = {isa = PBXFileReference; fileEncoding = 4; lastKnownFileType = sourcecode.c.h; path = NavigationMode.h; sourceTree = "<group>"; };
		3FC97F7B2970B49800AD2281 /* TextureQuality.h */ = {isa = PBXFileReference; fileEncoding = 4; lastKnownFileType = sourcecode.c.h; path = TextureQuality.h; sourceTree = "<group>"; };
		3FC97F7C2970B49800AD2281 /* OpenGLESRenderView.h */ = {isa = PBXFileReference; fileEncoding = 4; lastKnownFileType = sourcecode.c.h; path = OpenGLESRenderView.h; sourceTree = "<group>"; };
		3FC97F7D2970B49800AD2281 /* CourseRenderView.h */ = {isa = PBXFileReference; fileEncoding = 4; lastKnownFileType = sourcecode.c.h; path = CourseRenderView.h; sourceTree = "<group>"; };
		3FC97FC72970B4EE00AD2281 /* Bridging-Header.h */ = {isa = PBXFileReference; fileEncoding = 4; lastKnownFileType = sourcecode.c.h; path = "Bridging-Header.h"; sourceTree = "<group>"; };
		3FC97FC92970B5A700AD2281 /* AppDelegate.swift */ = {isa = PBXFileReference; fileEncoding = 4; lastKnownFileType = sourcecode.swift; path = AppDelegate.swift; sourceTree = "<group>"; };
		3FC97FCA2970B5A700AD2281 /* SceneDelegate.swift */ = {isa = PBXFileReference; fileEncoding = 4; lastKnownFileType = sourcecode.swift; path = SceneDelegate.swift; sourceTree = "<group>"; };
		3FC97FCE2970B5D600AD2281 /* RenderMapViewController.swift */ = {isa = PBXFileReference; fileEncoding = 4; lastKnownFileType = sourcecode.swift; path = RenderMapViewController.swift; sourceTree = "<group>"; };
		3FC97FD42970B66500AD2281 /* img_app_logo.png */ = {isa = PBXFileReference; lastKnownFileType = image.png; path = img_app_logo.png; sourceTree = "<group>"; };
		3FC97FD62970B66500AD2281 /* strings.xml */ = {isa = PBXFileReference; fileEncoding = 4; lastKnownFileType = text.xml; path = strings.xml; sourceTree = "<group>"; };
		3FC97FD82970B66500AD2281 /* bebas_neue.ttf */ = {isa = PBXFileReference; lastKnownFileType = file; path = bebas_neue.ttf; sourceTree = "<group>"; };
		3FC97FE02970C29F00AD2281 /* socket_IO.framework */ = {isa = PBXFileReference; lastKnownFileType = wrapper.framework; name = socket_IO.framework; path = "../network/libs/Ios/socket_IO/ios-arm64/socket_IO.framework"; sourceTree = "<group>"; };
		3FC97FE22970C2AD00AD2281 /* SocketRocket.framework */ = {isa = PBXFileReference; lastKnownFileType = wrapper.framework; name = SocketRocket.framework; path = "../network/libs/Ios/SocketRocket/ios-arm64/SocketRocket.framework"; sourceTree = "<group>"; };
		7555FF7B242A565900829871 /* iosApp.app */ = {isa = PBXFileReference; explicitFileType = wrapper.application; includeInIndex = 0; path = iosApp.app; sourceTree = BUILT_PRODUCTS_DIR; };
		7555FF8C242A565B00829871 /* Info.plist */ = {isa = PBXFileReference; lastKnownFileType = text.plist.xml; path = Info.plist; sourceTree = "<group>"; };
/* End PBXFileReference section */

/* Begin PBXFrameworksBuildPhase section */
		7555FF78242A565900829871 /* Frameworks */ = {
			isa = PBXFrameworksBuildPhase;
			buildActionMask = 2147483647;
			files = (
				3FC97FC62970B49800AD2281 /* libiGolfViewer3D.a in Frameworks */,
			);
			runOnlyForDeploymentPostprocessing = 0;
		};
/* End PBXFrameworksBuildPhase section */

/* Begin PBXGroup section */
		058557D7273AAEEB004C7B11 /* Preview Content */ = {
			isa = PBXGroup;
			children = (
				058557D8273AAEEB004C7B11 /* Preview Assets.xcassets */,
			);
			path = "Preview Content";
			sourceTree = "<group>";
		};
		3FC97F2C2970B49800AD2281 /* 3DViewer */ = {
			isa = PBXGroup;
			children = (
				3FC97F2D2970B49800AD2281 /* Textures */,
				3FC97F762970B49800AD2281 /* Include */,
			);
			path = 3DViewer;
			sourceTree = "<group>";
		};
		3FC97F2D2970B49800AD2281 /* Textures */ = {
			isa = PBXGroup;
			children = (
				3FC97F2E2970B49800AD2281 /* v3d_evergreen_tree_1.png */,
				3FC97F2F2970B49800AD2281 /* v3d_user_location_pin.png */,
				3FC97F302970B49800AD2281 /* v3d_gpsmap_sand.png */,
				3FC97F312970B49800AD2281 /* v2d_tree.png */,
				3FC97F322970B49800AD2281 /* v3d_sky_gradient.png */,
				3FC97F332970B49800AD2281 /* v3d_tree_4_desert.png */,
				3FC97F342970B49800AD2281 /* v3d_evergreen_tree_4_shadow.png */,
				3FC97F352970B49800AD2281 /* v3d_evergreen_tree_3.png */,
				3FC97F362970B49800AD2281 /* v3d_tree_2_shadow.png */,
				3FC97F372970B49800AD2281 /* v3d_evergreen_tree_2.png */,
				3FC97F382970B49800AD2281 /* v3d_background.png */,
				3FC97F392970B49800AD2281 /* v3d_cart_marker_bg.png */,
				3FC97F3A2970B49800AD2281 /* v3d_gpsmap_sand_border.png */,
				3FC97F3B2970B49800AD2281 /* v3d_gpsmap_creek_border.png */,
				3FC97F3C2970B49800AD2281 /* v3d_tree_1_desert.png */,
				3FC97F3D2970B49800AD2281 /* v3d_evergreen_tree_1_shadow.png */,
				3FC97F3E2970B49800AD2281 /* v3d_evergreen_tree_6.png */,
				3FC97F3F2970B49800AD2281 /* v3d_frontgreen_distance_target.png */,
				3FC97F402970B49800AD2281 /* v3d_gpsmap_viewercurrentloc.png */,
				3FC97F412970B49800AD2281 /* v3d_evergreen_tree_5.png */,
				3FC97F422970B49800AD2281 /* v3d_sky_clouds.png */,
				3FC97F432970B49800AD2281 /* v3d_evergreen_tree_4.png */,
				3FC97F442970B49800AD2281 /* v3d_tree_1.png */,
				3FC97F452970B49800AD2281 /* v3d_gpsmap_teebox_1.png */,
				3FC97F462970B49800AD2281 /* v3d_gpsmap_bridge.png */,
				3FC97F472970B49800AD2281 /* v3d_gpsmap_cart_path.png */,
				3FC97F482970B49800AD2281 /* v3d_custom_distance_target.png */,
				3FC97F492970B49800AD2281 /* v3d_tree_2.png */,
				3FC97F4A2970B49800AD2281 /* v3d_tree_3.png */,
				3FC97F4B2970B49800AD2281 /* v3d_gpsmap_pond.png */,
				3FC97F4C2970B49800AD2281 /* v3d_evergreen_tree_6_shadow.png */,
				3FC97F4D2970B49800AD2281 /* v3d_background_desert.png */,
				3FC97F4E2970B49800AD2281 /* v3d_tree_5_shadow.png */,
				3FC97F4F2970B49800AD2281 /* v3d_tree_3_desert.png */,
				3FC97F502970B49800AD2281 /* v3d_evergreen_tree_3_shadow.png */,
				3FC97F512970B49800AD2281 /* v3d_gpsmap_fairway.png */,
				3FC97F522970B49800AD2281 /* v3d_gpsmap_bunker.png */,
				3FC97F532970B49800AD2281 /* v3d_gpsmap_creek.png */,
				3FC97F542970B49800AD2281 /* v2d_callout.png */,
				3FC97F552970B49800AD2281 /* v3d_gpsmap_lake.png */,
				3FC97F562970B49800AD2281 /* v3d_tree_4.png */,
				3FC97F572970B49800AD2281 /* v3d_gpsmap_green_border.png */,
				3FC97F582970B49800AD2281 /* v3d_bunker.png */,
				3FC97F592970B49800AD2281 /* v3d_tree_5.png */,
				3FC97F5A2970B49800AD2281 /* v3d_tree_4_transparent.png */,
				3FC97F5B2970B49800AD2281 /* v3d_gpsmap_background.png */,
				3FC97F5C2970B49800AD2281 /* v3d_tree_3_shadow_desert.png */,
				3FC97F5D2970B49800AD2281 /* v2d_current_location.png */,
				3FC97F5E2970B49800AD2281 /* v3d_gpsmap_green.png */,
				3FC97F5F2970B49800AD2281 /* v3d_gpsmap_pond_border.png */,
				3FC97F602970B49800AD2281 /* v3d_gpsmap_callout.png */,
				3FC97F612970B49800AD2281 /* v3d_tree_2_shadow_desert.png */,
				3FC97F622970B49800AD2281 /* v3d_backgreen_distance_target.png */,
				3FC97F632970B49800AD2281 /* v2d_cursor.png */,
				3FC97F642970B49800AD2281 /* v3d_evergreen_tree_5_shadow.png */,
				3FC97F652970B49800AD2281 /* v3d_tree_3_shadow.png */,
				3FC97F662970B49800AD2281 /* v3d_tree_4_shadow.png */,
				3FC97F672970B49800AD2281 /* v3d_gpsmap_teebox.png */,
				3FC97F682970B49800AD2281 /* v3d_gpsmap_teebox_border.png */,
				3FC97F692970B49800AD2281 /* v3d_tree_1_shadow_desert.png */,
				3FC97F6A2970B49800AD2281 /* v3d_tree_2_desert.png */,
				3FC97F6B2970B49800AD2281 /* v3d_evergreen_tree_2_shadow.png */,
				3FC97F6C2970B49800AD2281 /* v3d_gpsmap_lava.png */,
				3FC97F6D2970B49800AD2281 /* v3d_gpsmap_ocean.png */,
				3FC97F6E2970B49800AD2281 /* v3d_tree_4_shadow_desert.png */,
				3FC97F6F2970B49800AD2281 /* v3d_gpsmap_flag.png */,
				3FC97F702970B49800AD2281 /* v3d_gpsmap_bunker_border.png */,
				3FC97F712970B49800AD2281 /* v3d_gpsmap_ocean_border.png */,
				3FC97F722970B49800AD2281 /* v3d_gpsmap_fairway_border.png */,
				3FC97F732970B49800AD2281 /* v3d_gpsmap_background_1.png */,
				3FC97F742970B49800AD2281 /* v3d_gpsmap_lake_border.png */,
				3FC97F752970B49800AD2281 /* v3d_tree_1_shadow.png */,
			);
			path = Textures;
			sourceTree = "<group>";
		};
		3FC97F762970B49800AD2281 /* Include */ = {
			isa = PBXGroup;
			children = (
				3FC97F772970B49800AD2281 /* libiGolfViewer3D.a */,
				3FC97F782970B49800AD2281 /* MeasurementSystem.h */,
				3FC97F792970B49800AD2281 /* CalloutsDrawMode.h */,
				3FC97F7A2970B49800AD2281 /* NavigationMode.h */,
				3FC97F7B2970B49800AD2281 /* TextureQuality.h */,
				3FC97F7C2970B49800AD2281 /* OpenGLESRenderView.h */,
				3FC97F7D2970B49800AD2281 /* CourseRenderView.h */,
			);
			path = Include;
			sourceTree = "<group>";
		};
		3FC97FCD2970B5D600AD2281 /* view */ = {
			isa = PBXGroup;
			children = (
				3FC97FCE2970B5D600AD2281 /* RenderMapViewController.swift */,
			);
			path = view;
			sourceTree = "<group>";
		};
		3FC97FD22970B66500AD2281 /* resources */ = {
			isa = PBXGroup;
			children = (
				3FC97FD32970B66500AD2281 /* drawable */,
				3FC97FD52970B66500AD2281 /* values */,
				3FC97FD72970B66500AD2281 /* font */,
			);
			path = resources;
			sourceTree = "<group>";
		};
		3FC97FD32970B66500AD2281 /* drawable */ = {
			isa = PBXGroup;
			children = (
				3FC97FD42970B66500AD2281 /* img_app_logo.png */,
			);
			path = drawable;
			sourceTree = "<group>";
		};
		3FC97FD52970B66500AD2281 /* values */ = {
			isa = PBXGroup;
			children = (
				3FC97FD62970B66500AD2281 /* strings.xml */,
			);
			path = values;
			sourceTree = "<group>";
		};
		3FC97FD72970B66500AD2281 /* font */ = {
			isa = PBXGroup;
			children = (
				3FC97FD82970B66500AD2281 /* bebas_neue.ttf */,
			);
			path = font;
			sourceTree = "<group>";
		};
		7555FF72242A565900829871 = {
			isa = PBXGroup;
			children = (
				3FC97FE22970C2AD00AD2281 /* SocketRocket.framework */,
				3FC97FE02970C29F00AD2281 /* socket_IO.framework */,
				3FC97FD22970B66500AD2281 /* resources */,
				7555FF7D242A565900829871 /* iosApp */,
				7555FF7C242A565900829871 /* Products */,
				7555FFB0242A642200829871 /* Frameworks */,
			);
			sourceTree = "<group>";
		};
		7555FF7C242A565900829871 /* Products */ = {
			isa = PBXGroup;
			children = (
				7555FF7B242A565900829871 /* iosApp.app */,
			);
			name = Products;
			sourceTree = "<group>";
		};
		7555FF7D242A565900829871 /* iosApp */ = {
			isa = PBXGroup;
			children = (
				3FC97FC92970B5A700AD2281 /* AppDelegate.swift */,
				3FC97FCA2970B5A700AD2281 /* SceneDelegate.swift */,
				3FC97FC72970B4EE00AD2281 /* Bridging-Header.h */,
				3FC97FCD2970B5D600AD2281 /* view */,
				3FC97F2C2970B49800AD2281 /* 3DViewer */,
				058557BA273AAA24004C7B11 /* Assets.xcassets */,
				7555FF8C242A565B00829871 /* Info.plist */,
				058557D7273AAEEB004C7B11 /* Preview Content */,
			);
			path = iosApp;
			sourceTree = "<group>";
		};
		7555FFB0242A642200829871 /* Frameworks */ = {
			isa = PBXGroup;
			children = (
			);
			name = Frameworks;
			sourceTree = "<group>";
		};
/* End PBXGroup section */

/* Begin PBXNativeTarget section */
		7555FF7A242A565900829871 /* iosApp */ = {
			isa = PBXNativeTarget;
			buildConfigurationList = 7555FFA5242A565B00829871 /* Build configuration list for PBXNativeTarget "iosApp" */;
			buildPhases = (
				7555FFB5242A651A00829871 /* ShellScript */,
				7555FF77242A565900829871 /* Sources */,
				7555FF78242A565900829871 /* Frameworks */,
				7555FF79242A565900829871 /* Resources */,
				7555FFB4242A642300829871 /* Embed Frameworks */,
			);
			buildRules = (
			);
			dependencies = (
			);
			name = iosApp;
			productName = iosApp;
			productReference = 7555FF7B242A565900829871 /* iosApp.app */;
			productType = "com.apple.product-type.application";
		};
/* End PBXNativeTarget section */

/* Begin PBXProject section */
		7555FF73242A565900829871 /* Project object */ = {
			isa = PBXProject;
			attributes = {
				LastSwiftUpdateCheck = 1130;
				LastUpgradeCheck = 1130;
				ORGANIZATIONNAME = orgName;
				TargetAttributes = {
					7555FF7A242A565900829871 = {
						CreatedOnToolsVersion = 11.3.1;
						LastSwiftMigration = 1420;
					};
				};
			};
			buildConfigurationList = 7555FF76242A565900829871 /* Build configuration list for PBXProject "iosApp" */;
			compatibilityVersion = "Xcode 9.3";
			developmentRegion = en;
			hasScannedForEncodings = 0;
			knownRegions = (
				en,
				Base,
			);
			mainGroup = 7555FF72242A565900829871;
			productRefGroup = 7555FF7C242A565900829871 /* Products */;
			projectDirPath = "";
			projectRoot = "";
			targets = (
				7555FF7A242A565900829871 /* iosApp */,
			);
		};
/* End PBXProject section */

/* Begin PBXResourcesBuildPhase section */
		7555FF79242A565900829871 /* Resources */ = {
			isa = PBXResourcesBuildPhase;
			buildActionMask = 2147483647;
			files = (
				3FC97FA82970B49800AD2281 /* v3d_bunker.png in Resources */,
				3FC97FB12970B49800AD2281 /* v3d_tree_2_shadow_desert.png in Resources */,
				3FC97F972970B49800AD2281 /* v3d_gpsmap_cart_path.png in Resources */,
				3FC97F802970B49800AD2281 /* v3d_gpsmap_sand.png in Resources */,
				3FC97FB42970B49800AD2281 /* v3d_evergreen_tree_5_shadow.png in Resources */,
				3FC97FA92970B49800AD2281 /* v3d_tree_5.png in Resources */,
				3FC97FBB2970B49800AD2281 /* v3d_evergreen_tree_2_shadow.png in Resources */,
				3FC97F912970B49800AD2281 /* v3d_evergreen_tree_5.png in Resources */,
				3FC97F8A2970B49800AD2281 /* v3d_gpsmap_sand_border.png in Resources */,
				3FC97FA42970B49800AD2281 /* v2d_callout.png in Resources */,
				3FC97FBC2970B49800AD2281 /* v3d_gpsmap_lava.png in Resources */,
				3FC97FC52970B49800AD2281 /* v3d_tree_1_shadow.png in Resources */,
				3FC97F9F2970B49800AD2281 /* v3d_tree_3_desert.png in Resources */,
				3FC97F8C2970B49800AD2281 /* v3d_tree_1_desert.png in Resources */,
				058557D9273AAEEB004C7B11 /* Preview Assets.xcassets in Resources */,
				3FC97FA52970B49800AD2281 /* v3d_gpsmap_lake.png in Resources */,
				3FC97F942970B49800AD2281 /* v3d_tree_1.png in Resources */,
				3FC97FA02970B49800AD2281 /* v3d_evergreen_tree_3_shadow.png in Resources */,
				3FC97FC32970B49800AD2281 /* v3d_gpsmap_background_1.png in Resources */,
				3FC97F922970B49800AD2281 /* v3d_sky_clouds.png in Resources */,
				3FC97FA22970B49800AD2281 /* v3d_gpsmap_bunker.png in Resources */,
				3FC97FBF2970B49800AD2281 /* v3d_gpsmap_flag.png in Resources */,
				3FC97F9D2970B49800AD2281 /* v3d_background_desert.png in Resources */,
				3FC97F872970B49800AD2281 /* v3d_evergreen_tree_2.png in Resources */,
				3FC97FA72970B49800AD2281 /* v3d_gpsmap_green_border.png in Resources */,
				3FC97F8D2970B49800AD2281 /* v3d_evergreen_tree_1_shadow.png in Resources */,
				3FC97F9B2970B49800AD2281 /* v3d_gpsmap_pond.png in Resources */,
				3FC97F962970B49800AD2281 /* v3d_gpsmap_bridge.png in Resources */,
				3FC97FBA2970B49800AD2281 /* v3d_tree_2_desert.png in Resources */,
				3FC97F812970B49800AD2281 /* v2d_tree.png in Resources */,
				3FC97FAF2970B49800AD2281 /* v3d_gpsmap_pond_border.png in Resources */,
				3FC97FB52970B49800AD2281 /* v3d_tree_3_shadow.png in Resources */,
				3FC97FA62970B49800AD2281 /* v3d_tree_4.png in Resources */,
				3FC97FB22970B49800AD2281 /* v3d_backgreen_distance_target.png in Resources */,
				3FC97F952970B49800AD2281 /* v3d_gpsmap_teebox_1.png in Resources */,
				3FC97F852970B49800AD2281 /* v3d_evergreen_tree_3.png in Resources */,
				3FC97F882970B49800AD2281 /* v3d_background.png in Resources */,
				3FC97F9E2970B49800AD2281 /* v3d_tree_5_shadow.png in Resources */,
				3FC97FC02970B49800AD2281 /* v3d_gpsmap_bunker_border.png in Resources */,
				3FC97F982970B49800AD2281 /* v3d_custom_distance_target.png in Resources */,
				3FC97FC42970B49800AD2281 /* v3d_gpsmap_lake_border.png in Resources */,
				3FC97FA12970B49800AD2281 /* v3d_gpsmap_fairway.png in Resources */,
				3FC97FB82970B49800AD2281 /* v3d_gpsmap_teebox_border.png in Resources */,
				3FC97F7F2970B49800AD2281 /* v3d_user_location_pin.png in Resources */,
				3FC97F8B2970B49800AD2281 /* v3d_gpsmap_creek_border.png in Resources */,
				3FC97FB32970B49800AD2281 /* v2d_cursor.png in Resources */,
				3FC97FAA2970B49800AD2281 /* v3d_tree_4_transparent.png in Resources */,
				3FC97F8F2970B49800AD2281 /* v3d_frontgreen_distance_target.png in Resources */,
				3FC97FAD2970B49800AD2281 /* v2d_current_location.png in Resources */,
				058557BB273AAA24004C7B11 /* Assets.xcassets in Resources */,
				3FC97FAE2970B49800AD2281 /* v3d_gpsmap_green.png in Resources */,
				3FC97FBD2970B49800AD2281 /* v3d_gpsmap_ocean.png in Resources */,
				3FC97FB72970B49800AD2281 /* v3d_gpsmap_teebox.png in Resources */,
				3FC97F992970B49800AD2281 /* v3d_tree_2.png in Resources */,
				3FC97F832970B49800AD2281 /* v3d_tree_4_desert.png in Resources */,
				3FC97F7E2970B49800AD2281 /* v3d_evergreen_tree_1.png in Resources */,
				3FC97FDA2970B66500AD2281 /* strings.xml in Resources */,
				3FC97F902970B49800AD2281 /* v3d_gpsmap_viewercurrentloc.png in Resources */,
				3FC97FC12970B49800AD2281 /* v3d_gpsmap_ocean_border.png in Resources */,
				3FC97F892970B49800AD2281 /* v3d_cart_marker_bg.png in Resources */,
				3FC97FAC2970B49800AD2281 /* v3d_tree_3_shadow_desert.png in Resources */,
				3FC97FBE2970B49800AD2281 /* v3d_tree_4_shadow_desert.png in Resources */,
				3FC97FB62970B49800AD2281 /* v3d_tree_4_shadow.png in Resources */,
				3FC97FC22970B49800AD2281 /* v3d_gpsmap_fairway_border.png in Resources */,
				3FC97FD92970B66500AD2281 /* img_app_logo.png in Resources */,
				3FC97F842970B49800AD2281 /* v3d_evergreen_tree_4_shadow.png in Resources */,
				3FC97FDB2970B66500AD2281 /* bebas_neue.ttf in Resources */,
				3FC97F932970B49800AD2281 /* v3d_evergreen_tree_4.png in Resources */,
				3FC97F9C2970B49800AD2281 /* v3d_evergreen_tree_6_shadow.png in Resources */,
				3FC97FB92970B49800AD2281 /* v3d_tree_1_shadow_desert.png in Resources */,
				3FC97F862970B49800AD2281 /* v3d_tree_2_shadow.png in Resources */,
				3FC97FB02970B49800AD2281 /* v3d_gpsmap_callout.png in Resources */,
				3FC97FA32970B49800AD2281 /* v3d_gpsmap_creek.png in Resources */,
				3FC97F9A2970B49800AD2281 /* v3d_tree_3.png in Resources */,
				3FC97F8E2970B49800AD2281 /* v3d_evergreen_tree_6.png in Resources */,
				3FC97F822970B49800AD2281 /* v3d_sky_gradient.png in Resources */,
				3FC97FAB2970B49800AD2281 /* v3d_gpsmap_background.png in Resources */,
			);
			runOnlyForDeploymentPostprocessing = 0;
		};
/* End PBXResourcesBuildPhase section */

/* Begin PBXShellScriptBuildPhase section */
		7555FFB5242A651A00829871 /* ShellScript */ = {
			isa = PBXShellScriptBuildPhase;
			buildActionMask = 2147483647;
			files = (
			);
			inputFileListPaths = (
			);
			inputPaths = (
			);
			outputFileListPaths = (
			);
			outputPaths = (
			);
			runOnlyForDeploymentPostprocessing = 0;
			shellPath = /bin/sh;
			shellScript = "cd \"$SRCROOT/..\"\n./gradlew :shared:embedAndSignAppleFrameworkForXcode\n";
		};
/* End PBXShellScriptBuildPhase section */

/* Begin PBXSourcesBuildPhase section */
		7555FF77242A565900829871 /* Sources */ = {
			isa = PBXSourcesBuildPhase;
			buildActionMask = 2147483647;
			files = (
				3FC97FCB2970B5A800AD2281 /* AppDelegate.swift in Sources */,
				3FC97FD02970B5D600AD2281 /* RenderMapViewController.swift in Sources */,
				3FC97FCC2970B5A800AD2281 /* SceneDelegate.swift in Sources */,
			);
			runOnlyForDeploymentPostprocessing = 0;
		};
/* End PBXSourcesBuildPhase section */

/* Begin XCBuildConfiguration section */
		7555FFA3242A565B00829871 /* Debug */ = {
			isa = XCBuildConfiguration;
			buildSettings = {
				ALWAYS_SEARCH_USER_PATHS = NO;
				CLANG_ANALYZER_NONNULL = YES;
				CLANG_ANALYZER_NUMBER_OBJECT_CONVERSION = YES_AGGRESSIVE;
				CLANG_CXX_LANGUAGE_STANDARD = "gnu++14";
				CLANG_CXX_LIBRARY = "libc++";
				CLANG_ENABLE_MODULES = YES;
				CLANG_ENABLE_OBJC_ARC = YES;
				CLANG_ENABLE_OBJC_WEAK = YES;
				CLANG_WARN_BLOCK_CAPTURE_AUTORELEASING = YES;
				CLANG_WARN_BOOL_CONVERSION = YES;
				CLANG_WARN_COMMA = YES;
				CLANG_WARN_CONSTANT_CONVERSION = YES;
				CLANG_WARN_DEPRECATED_OBJC_IMPLEMENTATIONS = YES;
				CLANG_WARN_DIRECT_OBJC_ISA_USAGE = YES_ERROR;
				CLANG_WARN_DOCUMENTATION_COMMENTS = YES;
				CLANG_WARN_EMPTY_BODY = YES;
				CLANG_WARN_ENUM_CONVERSION = YES;
				CLANG_WARN_INFINITE_RECURSION = YES;
				CLANG_WARN_INT_CONVERSION = YES;
				CLANG_WARN_NON_LITERAL_NULL_CONVERSION = YES;
				CLANG_WARN_OBJC_IMPLICIT_RETAIN_SELF = YES;
				CLANG_WARN_OBJC_LITERAL_CONVERSION = YES;
				CLANG_WARN_OBJC_ROOT_CLASS = YES_ERROR;
				CLANG_WARN_QUOTED_INCLUDE_IN_FRAMEWORK_HEADER = YES;
				CLANG_WARN_RANGE_LOOP_ANALYSIS = YES;
				CLANG_WARN_STRICT_PROTOTYPES = YES;
				CLANG_WARN_SUSPICIOUS_MOVE = YES;
				CLANG_WARN_UNGUARDED_AVAILABILITY = YES_AGGRESSIVE;
				CLANG_WARN_UNREACHABLE_CODE = YES;
				CLANG_WARN__DUPLICATE_METHOD_MATCH = YES;
				COPY_PHASE_STRIP = NO;
				DEBUG_INFORMATION_FORMAT = "dwarf-with-dsym";
				ENABLE_STRICT_OBJC_MSGSEND = YES;
				ENABLE_TESTABILITY = YES;
				GCC_C_LANGUAGE_STANDARD = gnu11;
				GCC_DYNAMIC_NO_PIC = NO;
				GCC_NO_COMMON_BLOCKS = YES;
				GCC_OPTIMIZATION_LEVEL = 0;
				GCC_PREPROCESSOR_DEFINITIONS = (
					"DEBUG=1",
					"$(inherited)",
				);
				GCC_WARN_64_TO_32_BIT_CONVERSION = YES;
				GCC_WARN_ABOUT_RETURN_TYPE = YES_ERROR;
				GCC_WARN_UNDECLARED_SELECTOR = YES;
				GCC_WARN_UNINITIALIZED_AUTOS = YES_AGGRESSIVE;
				GCC_WARN_UNUSED_FUNCTION = YES;
				GCC_WARN_UNUSED_VARIABLE = YES;
				IPHONEOS_DEPLOYMENT_TARGET = 14.1;
				MTL_ENABLE_DEBUG_INFO = INCLUDE_SOURCE;
				MTL_FAST_MATH = YES;
				ONLY_ACTIVE_ARCH = YES;
				SDKROOT = iphoneos;
				SWIFT_ACTIVE_COMPILATION_CONDITIONS = DEBUG;
				SWIFT_OPTIMIZATION_LEVEL = "-Onone";
			};
			name = Debug;
		};
		7555FFA4242A565B00829871 /* Release */ = {
			isa = XCBuildConfiguration;
			buildSettings = {
				ALWAYS_SEARCH_USER_PATHS = NO;
				CLANG_ANALYZER_NONNULL = YES;
				CLANG_ANALYZER_NUMBER_OBJECT_CONVERSION = YES_AGGRESSIVE;
				CLANG_CXX_LANGUAGE_STANDARD = "gnu++14";
				CLANG_CXX_LIBRARY = "libc++";
				CLANG_ENABLE_MODULES = YES;
				CLANG_ENABLE_OBJC_ARC = YES;
				CLANG_ENABLE_OBJC_WEAK = YES;
				CLANG_WARN_BLOCK_CAPTURE_AUTORELEASING = YES;
				CLANG_WARN_BOOL_CONVERSION = YES;
				CLANG_WARN_COMMA = YES;
				CLANG_WARN_CONSTANT_CONVERSION = YES;
				CLANG_WARN_DEPRECATED_OBJC_IMPLEMENTATIONS = YES;
				CLANG_WARN_DIRECT_OBJC_ISA_USAGE = YES_ERROR;
				CLANG_WARN_DOCUMENTATION_COMMENTS = YES;
				CLANG_WARN_EMPTY_BODY = YES;
				CLANG_WARN_ENUM_CONVERSION = YES;
				CLANG_WARN_INFINITE_RECURSION = YES;
				CLANG_WARN_INT_CONVERSION = YES;
				CLANG_WARN_NON_LITERAL_NULL_CONVERSION = YES;
				CLANG_WARN_OBJC_IMPLICIT_RETAIN_SELF = YES;
				CLANG_WARN_OBJC_LITERAL_CONVERSION = YES;
				CLANG_WARN_OBJC_ROOT_CLASS = YES_ERROR;
				CLANG_WARN_QUOTED_INCLUDE_IN_FRAMEWORK_HEADER = YES;
				CLANG_WARN_RANGE_LOOP_ANALYSIS = YES;
				CLANG_WARN_STRICT_PROTOTYPES = YES;
				CLANG_WARN_SUSPICIOUS_MOVE = YES;
				CLANG_WARN_UNGUARDED_AVAILABILITY = YES_AGGRESSIVE;
				CLANG_WARN_UNREACHABLE_CODE = YES;
				CLANG_WARN__DUPLICATE_METHOD_MATCH = YES;
				COPY_PHASE_STRIP = NO;
				DEBUG_INFORMATION_FORMAT = "dwarf-with-dsym";
				ENABLE_NS_ASSERTIONS = NO;
				ENABLE_STRICT_OBJC_MSGSEND = YES;
				GCC_C_LANGUAGE_STANDARD = gnu11;
				GCC_NO_COMMON_BLOCKS = YES;
				GCC_WARN_64_TO_32_BIT_CONVERSION = YES;
				GCC_WARN_ABOUT_RETURN_TYPE = YES_ERROR;
				GCC_WARN_UNDECLARED_SELECTOR = YES;
				GCC_WARN_UNINITIALIZED_AUTOS = YES_AGGRESSIVE;
				GCC_WARN_UNUSED_FUNCTION = YES;
				GCC_WARN_UNUSED_VARIABLE = YES;
				IPHONEOS_DEPLOYMENT_TARGET = 14.1;
				MTL_ENABLE_DEBUG_INFO = NO;
				MTL_FAST_MATH = YES;
				SDKROOT = iphoneos;
				SWIFT_COMPILATION_MODE = wholemodule;
				SWIFT_OPTIMIZATION_LEVEL = "-O";
				VALIDATE_PRODUCT = YES;
			};
			name = Release;
		};
		7555FFA6242A565B00829871 /* Debug */ = {
			isa = XCBuildConfiguration;
			buildSettings = {
				ASSETCATALOG_COMPILER_APPICON_NAME = AppIcon;
				CLANG_ENABLE_MODULES = YES;
				CODE_SIGN_STYLE = Automatic;
				DEVELOPMENT_ASSET_PATHS = "\"iosApp/Preview Content\"";
				DEVELOPMENT_TEAM = 65BT94VC7B;
				ENABLE_PREVIEWS = YES;
				FRAMEWORK_SEARCH_PATHS = "$(SRCROOT)/../shared/build/xcode-frameworks/$(CONFIGURATION)/$(SDK_NAME)";
				INFOPLIST_FILE = iosApp/Info.plist;
				INFOPLIST_KEY_CFBundleDisplayName = Marshall;
				INFOPLIST_KEY_LSApplicationCategoryType = "public.app-category.business";
				LD_RUNPATH_SEARCH_PATHS = (
					"$(inherited)",
					"@executable_path/Frameworks",
				);
				LIBRARY_SEARCH_PATHS = (
					"$(inherited)",
					"$(PROJECT_DIR)/iosApp/3DViewer/Include",
				);
				OTHER_LDFLAGS = (
					"$(inherited)",
					"-framework",
					shared,
				);
				PRODUCT_BUNDLE_IDENTIFIER = "com.igolf.dna-marshall-app";
				PRODUCT_NAME = "$(TARGET_NAME)";
				SUPPORTED_PLATFORMS = "iphoneos iphonesimulator";
				SUPPORTS_MACCATALYST = NO;
				SUPPORTS_MAC_DESIGNED_FOR_IPHONE_IPAD = NO;
				SWIFT_OBJC_BRIDGING_HEADER = "iosApp/Bridging-Header.h";
				SWIFT_OPTIMIZATION_LEVEL = "-Onone";
				SWIFT_VERSION = 5.0;
				TARGETED_DEVICE_FAMILY = "1,2";
			};
			name = Debug;
		};
		7555FFA7242A565B00829871 /* Release */ = {
			isa = XCBuildConfiguration;
			buildSettings = {
				ASSETCATALOG_COMPILER_APPICON_NAME = AppIcon;
				CLANG_ENABLE_MODULES = YES;
				CODE_SIGN_STYLE = Automatic;
				DEVELOPMENT_ASSET_PATHS = "\"iosApp/Preview Content\"";
				DEVELOPMENT_TEAM = 65BT94VC7B;
				ENABLE_PREVIEWS = YES;
				FRAMEWORK_SEARCH_PATHS = "$(SRCROOT)/../shared/build/xcode-frameworks/$(CONFIGURATION)/$(SDK_NAME)";
				INFOPLIST_FILE = iosApp/Info.plist;
				INFOPLIST_KEY_CFBundleDisplayName = Marshall;
				INFOPLIST_KEY_LSApplicationCategoryType = "public.app-category.business";
				LD_RUNPATH_SEARCH_PATHS = (
					"$(inherited)",
					"@executable_path/Frameworks",
				);
				LIBRARY_SEARCH_PATHS = (
					"$(inherited)",
					"$(PROJECT_DIR)/iosApp/3DViewer/Include",
				);
				OTHER_LDFLAGS = (
					"$(inherited)",
					"-framework",
					shared,
				);
				PRODUCT_BUNDLE_IDENTIFIER = "com.igolf.dna-marshall-app";
				PRODUCT_NAME = "$(TARGET_NAME)";
				SUPPORTED_PLATFORMS = "iphoneos iphonesimulator";
				SUPPORTS_MACCATALYST = NO;
				SUPPORTS_MAC_DESIGNED_FOR_IPHONE_IPAD = NO;
				SWIFT_OBJC_BRIDGING_HEADER = "iosApp/Bridging-Header.h";
				SWIFT_VERSION = 5.0;
				TARGETED_DEVICE_FAMILY = "1,2";
			};
			name = Release;
		};
/* End XCBuildConfiguration section */

/* Begin XCConfigurationList section */
		7555FF76242A565900829871 /* Build configuration list for PBXProject "iosApp" */ = {
			isa = XCConfigurationList;
			buildConfigurations = (
				7555FFA3242A565B00829871 /* Debug */,
				7555FFA4242A565B00829871 /* Release */,
			);
			defaultConfigurationIsVisible = 0;
			defaultConfigurationName = Release;
		};
		7555FFA5242A565B00829871 /* Build configuration list for PBXNativeTarget "iosApp" */ = {
			isa = XCConfigurationList;
			buildConfigurations = (
				7555FFA6242A565B00829871 /* Debug */,
				7555FFA7242A565B00829871 /* Release */,
			);
			defaultConfigurationIsVisible = 0;
			defaultConfigurationName = Release;
		};
/* End XCConfigurationList section */
	};
	rootObject = 7555FF73242A565900829871 /* Project object */;
}
