PODS:
  - Ios (1.30)
  - shared (1.5):
    - Ios

DEPENDENCIES:
  - Ios (from `/Users/nek_zabirov/Documents/MarshallKMM/shared/libs/Ios`)
  - shared (from `../shared`)

EXTERNAL SOURCES:
  Ios:
    :path: "/Users/nek_zabirov/Documents/MarshallKMM/shared/libs/Ios"
  shared:
    :path: "../shared"

SPEC CHECKSUMS:
  Ios: 7f27b76b1338aa31c96bf477ba987e5787a17732
  shared: a74c3e617572127899480f9dbdeede8f4851eddc

PODFILE CHECKSUM: 660c4279d9208064081919fb1870e37578d3f0a3

COCOAPODS: 1.11.3
