// !$*UTF8*$!
{
	archiveVersion = 1;
	classes = {
	};
	objectVersion = 56;
	objects = {

/* Begin PBXBuildFile section */
		39B2B4402953666300F45167 /* Ios.h in Headers */ = {isa = PBXBuildFile; fileRef = 39B2B43F2953666300F45167 /* Ios.h */; settings = {ATTRIBUTES = (Public, ); }; };
		39B2B450295366AB00F45167 /* SocketManager.swift in Sources */ = {isa = PBXBuildFile; fileRef = 39B2B44F295366AB00F45167 /* SocketManager.swift */; };
		39B2B4522953686300F45167 /* IGolfSocket.swift in Sources */ = {isa = PBXBuildFile; fileRef = 39B2B4512953686300F45167 /* IGolfSocket.swift */; };
		39B2B45429536C2700F45167 /* SocketManagerDelegate.swift in Sources */ = {isa = PBXBuildFile; fileRef = 39B2B45329536C2700F45167 /* SocketManagerDelegate.swift */; };
		3F7E617729580941004844C3 /* FSocket.xcframework in Frameworks */ = {isa = PBXBuildFile; fileRef = 39B2B4472953667600F45167 /* FSocket.xcframework */; };
		3F7E617829580941004844C3 /* FSocket.xcframework in Embed Frameworks */ = {isa = PBXBuildFile; fileRef = 39B2B4472953667600F45167 /* FSocket.xcframework */; settings = {ATTRIBUTES = (CodeSignOnCopy, RemoveHeadersOnCopy, ); }; };
		3F7E617929580942004844C3 /* Pods_iGolf_Marshall.xcframework in Frameworks */ = {isa = PBXBuildFile; fileRef = 39B2B44A2953667600F45167 /* Pods_iGolf_Marshall.xcframework */; };
		3F7E617A29580942004844C3 /* Pods_iGolf_Marshall.xcframework in Embed Frameworks */ = {isa = PBXBuildFile; fileRef = 39B2B44A2953667600F45167 /* Pods_iGolf_Marshall.xcframework */; settings = {ATTRIBUTES = (CodeSignOnCopy, RemoveHeadersOnCopy, ); }; };
		3F7E617B29580944004844C3 /* socket_IO.xcframework in Frameworks */ = {isa = PBXBuildFile; fileRef = 39B2B4482953667600F45167 /* socket_IO.xcframework */; };
		3F7E617C29580944004844C3 /* socket_IO.xcframework in Embed Frameworks */ = {isa = PBXBuildFile; fileRef = 39B2B4482953667600F45167 /* socket_IO.xcframework */; settings = {ATTRIBUTES = (CodeSignOnCopy, RemoveHeadersOnCopy, ); }; };
		3F7E617D29580946004844C3 /* SocketRocket.xcframework in Frameworks */ = {isa = PBXBuildFile; fileRef = 39B2B4492953667600F45167 /* SocketRocket.xcframework */; };
		3F7E617E29580946004844C3 /* SocketRocket.xcframework in Embed Frameworks */ = {isa = PBXBuildFile; fileRef = 39B2B4492953667600F45167 /* SocketRocket.xcframework */; settings = {ATTRIBUTES = (CodeSignOnCopy, RemoveHeadersOnCopy, ); }; };
/* End PBXBuildFile section */

/* Begin PBXCopyFilesBuildPhase section */
		3F93A63429547DE2000CFD4A /* Embed Frameworks */ = {
			isa = PBXCopyFilesBuildPhase;
			buildActionMask = 2147483647;
			dstPath = "";
			dstSubfolderSpec = 10;
			files = (
				3F7E617E29580946004844C3 /* SocketRocket.xcframework in Embed Frameworks */,
				3F7E617C29580944004844C3 /* socket_IO.xcframework in Embed Frameworks */,
				3F7E617829580941004844C3 /* FSocket.xcframework in Embed Frameworks */,
				3F7E617A29580942004844C3 /* Pods_iGolf_Marshall.xcframework in Embed Frameworks */,
			);
			name = "Embed Frameworks";
			runOnlyForDeploymentPostprocessing = 0;
		};
/* End PBXCopyFilesBuildPhase section */

/* Begin PBXFileReference section */
		39B2B43C2953666300F45167 /* Ios.framework */ = {isa = PBXFileReference; explicitFileType = wrapper.framework; includeInIndex = 0; path = Ios.framework; sourceTree = BUILT_PRODUCTS_DIR; };
		39B2B43F2953666300F45167 /* Ios.h */ = {isa = PBXFileReference; lastKnownFileType = sourcecode.c.h; path = Ios.h; sourceTree = "<group>"; };
		39B2B4472953667600F45167 /* FSocket.xcframework */ = {isa = PBXFileReference; lastKnownFileType = wrapper.xcframework; path = FSocket.xcframework; sourceTree = "<group>"; };
		39B2B4482953667600F45167 /* socket_IO.xcframework */ = {isa = PBXFileReference; lastKnownFileType = wrapper.xcframework; path = socket_IO.xcframework; sourceTree = "<group>"; };
		39B2B4492953667600F45167 /* SocketRocket.xcframework */ = {isa = PBXFileReference; lastKnownFileType = wrapper.xcframework; path = SocketRocket.xcframework; sourceTree = "<group>"; };
		39B2B44A2953667600F45167 /* Pods_iGolf_Marshall.xcframework */ = {isa = PBXFileReference; lastKnownFileType = wrapper.xcframework; path = Pods_iGolf_Marshall.xcframework; sourceTree = "<group>"; };
		39B2B44F295366AB00F45167 /* SocketManager.swift */ = {isa = PBXFileReference; lastKnownFileType = sourcecode.swift; path = SocketManager.swift; sourceTree = "<group>"; };
		39B2B4512953686300F45167 /* IGolfSocket.swift */ = {isa = PBXFileReference; lastKnownFileType = sourcecode.swift; path = IGolfSocket.swift; sourceTree = "<group>"; };
		39B2B45329536C2700F45167 /* SocketManagerDelegate.swift */ = {isa = PBXFileReference; lastKnownFileType = sourcecode.swift; path = SocketManagerDelegate.swift; sourceTree = "<group>"; };
/* End PBXFileReference section */

/* Begin PBXFrameworksBuildPhase section */
		39B2B4392953666300F45167 /* Frameworks */ = {
			isa = PBXFrameworksBuildPhase;
			buildActionMask = 2147483647;
			files = (
				3F7E617D29580946004844C3 /* SocketRocket.xcframework in Frameworks */,
				3F7E617B29580944004844C3 /* socket_IO.xcframework in Frameworks */,
				3F7E617729580941004844C3 /* FSocket.xcframework in Frameworks */,
				3F7E617929580942004844C3 /* Pods_iGolf_Marshall.xcframework in Frameworks */,
			);
			runOnlyForDeploymentPostprocessing = 0;
		};
/* End PBXFrameworksBuildPhase section */

/* Begin PBXGroup section */
		39B2B4322953666300F45167 = {
			isa = PBXGroup;
			children = (
				39B2B4462953667600F45167 /* libs */,
				39B2B43E2953666300F45167 /* Ios */,
				39B2B43D2953666300F45167 /* Products */,
			);
			sourceTree = "<group>";
		};
		39B2B43D2953666300F45167 /* Products */ = {
			isa = PBXGroup;
			children = (
				39B2B43C2953666300F45167 /* Ios.framework */,
			);
			name = Products;
			sourceTree = "<group>";
		};
		39B2B43E2953666300F45167 /* Ios */ = {
			isa = PBXGroup;
			children = (
				39B2B43F2953666300F45167 /* Ios.h */,
				39B2B44F295366AB00F45167 /* SocketManager.swift */,
				39B2B4512953686300F45167 /* IGolfSocket.swift */,
				39B2B45329536C2700F45167 /* SocketManagerDelegate.swift */,
			);
			path = Ios;
			sourceTree = "<group>";
		};
		39B2B4462953667600F45167 /* libs */ = {
			isa = PBXGroup;
			children = (
				39B2B4472953667600F45167 /* FSocket.xcframework */,
				39B2B4482953667600F45167 /* socket_IO.xcframework */,
				39B2B4492953667600F45167 /* SocketRocket.xcframework */,
				39B2B44A2953667600F45167 /* Pods_iGolf_Marshall.xcframework */,
			);
			path = libs;
			sourceTree = "<group>";
		};
/* End PBXGroup section */

/* Begin PBXHeadersBuildPhase section */
		39B2B4372953666300F45167 /* Headers */ = {
			isa = PBXHeadersBuildPhase;
			buildActionMask = 2147483647;
			files = (
				39B2B4402953666300F45167 /* Ios.h in Headers */,
			);
			runOnlyForDeploymentPostprocessing = 0;
		};
/* End PBXHeadersBuildPhase section */

/* Begin PBXNativeTarget section */
		39B2B43B2953666300F45167 /* Ios */ = {
			isa = PBXNativeTarget;
			buildConfigurationList = 39B2B4432953666300F45167 /* Build configuration list for PBXNativeTarget "Ios" */;
			buildPhases = (
				39B2B4372953666300F45167 /* Headers */,
				39B2B4382953666300F45167 /* Sources */,
				39B2B4392953666300F45167 /* Frameworks */,
				39B2B43A2953666300F45167 /* Resources */,
				3F93A63429547DE2000CFD4A /* Embed Frameworks */,
			);
			buildRules = (
			);
			dependencies = (
			);
			name = Ios;
			productName = Ios;
			productReference = 39B2B43C2953666300F45167 /* Ios.framework */;
			productType = "com.apple.product-type.framework";
		};
/* End PBXNativeTarget section */

/* Begin PBXProject section */
		39B2B4332953666300F45167 /* Project object */ = {
			isa = PBXProject;
			attributes = {
				BuildIndependentTargetsInParallel = 1;
				LastUpgradeCheck = 1420;
				TargetAttributes = {
					39B2B43B2953666300F45167 = {
						CreatedOnToolsVersion = 14.2;
						LastSwiftMigration = 1420;
					};
				};
			};
			buildConfigurationList = 39B2B4362953666300F45167 /* Build configuration list for PBXProject "Ios" */;
			compatibilityVersion = "Xcode 14.0";
			developmentRegion = en;
			hasScannedForEncodings = 0;
			knownRegions = (
				en,
				Base,
			);
			mainGroup = 39B2B4322953666300F45167;
			productRefGroup = 39B2B43D2953666300F45167 /* Products */;
			projectDirPath = "";
			projectRoot = "";
			targets = (
				39B2B43B2953666300F45167 /* Ios */,
			);
		};
/* End PBXProject section */

/* Begin PBXResourcesBuildPhase section */
		39B2B43A2953666300F45167 /* Resources */ = {
			isa = PBXResourcesBuildPhase;
			buildActionMask = 2147483647;
			files = (
			);
			runOnlyForDeploymentPostprocessing = 0;
		};
/* End PBXResourcesBuildPhase section */

/* Begin PBXSourcesBuildPhase section */
		39B2B4382953666300F45167 /* Sources */ = {
			isa = PBXSourcesBuildPhase;
			buildActionMask = 2147483647;
			files = (
				39B2B4522953686300F45167 /* IGolfSocket.swift in Sources */,
				39B2B450295366AB00F45167 /* SocketManager.swift in Sources */,
				39B2B45429536C2700F45167 /* SocketManagerDelegate.swift in Sources */,
			);
			runOnlyForDeploymentPostprocessing = 0;
		};
/* End PBXSourcesBuildPhase section */

/* Begin XCBuildConfiguration section */
		39B2B4412953666300F45167 /* Debug */ = {
			isa = XCBuildConfiguration;
			buildSettings = {
				ALWAYS_SEARCH_USER_PATHS = NO;
				CLANG_ANALYZER_NONNULL = YES;
				CLANG_ANALYZER_NUMBER_OBJECT_CONVERSION = YES_AGGRESSIVE;
				CLANG_CXX_LANGUAGE_STANDARD = "gnu++20";
				CLANG_ENABLE_MODULES = YES;
				CLANG_ENABLE_OBJC_ARC = YES;
				CLANG_ENABLE_OBJC_WEAK = YES;
				CLANG_WARN_BLOCK_CAPTURE_AUTORELEASING = YES;
				CLANG_WARN_BOOL_CONVERSION = YES;
				CLANG_WARN_COMMA = YES;
				CLANG_WARN_CONSTANT_CONVERSION = YES;
				CLANG_WARN_DEPRECATED_OBJC_IMPLEMENTATIONS = YES;
				CLANG_WARN_DIRECT_OBJC_ISA_USAGE = YES_ERROR;
				CLANG_WARN_DOCUMENTATION_COMMENTS = YES;
				CLANG_WARN_EMPTY_BODY = YES;
				CLANG_WARN_ENUM_CONVERSION = YES;
				CLANG_WARN_INFINITE_RECURSION = YES;
				CLANG_WARN_INT_CONVERSION = YES;
				CLANG_WARN_NON_LITERAL_NULL_CONVERSION = YES;
				CLANG_WARN_OBJC_IMPLICIT_RETAIN_SELF = YES;
				CLANG_WARN_OBJC_LITERAL_CONVERSION = YES;
				CLANG_WARN_OBJC_ROOT_CLASS = YES_ERROR;
				CLANG_WARN_QUOTED_INCLUDE_IN_FRAMEWORK_HEADER = YES;
				CLANG_WARN_RANGE_LOOP_ANALYSIS = YES;
				CLANG_WARN_STRICT_PROTOTYPES = YES;
				CLANG_WARN_SUSPICIOUS_MOVE = YES;
				CLANG_WARN_UNGUARDED_AVAILABILITY = YES_AGGRESSIVE;
				CLANG_WARN_UNREACHABLE_CODE = YES;
				CLANG_WARN__DUPLICATE_METHOD_MATCH = YES;
				COPY_PHASE_STRIP = NO;
				CURRENT_PROJECT_VERSION = 1;
				DEBUG_INFORMATION_FORMAT = dwarf;
				ENABLE_STRICT_OBJC_MSGSEND = YES;
				ENABLE_TESTABILITY = YES;
				GCC_C_LANGUAGE_STANDARD = gnu11;
				GCC_DYNAMIC_NO_PIC = NO;
				GCC_NO_COMMON_BLOCKS = YES;
				GCC_OPTIMIZATION_LEVEL = 0;
				GCC_PREPROCESSOR_DEFINITIONS = (
					"DEBUG=1",
					"$(inherited)",
				);
				GCC_WARN_64_TO_32_BIT_CONVERSION = YES;
				GCC_WARN_ABOUT_RETURN_TYPE = YES_ERROR;
				GCC_WARN_UNDECLARED_SELECTOR = YES;
				GCC_WARN_UNINITIALIZED_AUTOS = YES_AGGRESSIVE;
				GCC_WARN_UNUSED_FUNCTION = YES;
				GCC_WARN_UNUSED_VARIABLE = YES;
				IPHONEOS_DEPLOYMENT_TARGET = 16.2;
				MTL_ENABLE_DEBUG_INFO = INCLUDE_SOURCE;
				MTL_FAST_MATH = YES;
				ONLY_ACTIVE_ARCH = YES;
				SDKROOT = iphoneos;
				SWIFT_ACTIVE_COMPILATION_CONDITIONS = DEBUG;
				SWIFT_OPTIMIZATION_LEVEL = "-Onone";
				VERSIONING_SYSTEM = "apple-generic";
				VERSION_INFO_PREFIX = "";
			};
			name = Debug;
		};
		39B2B4422953666300F45167 /* Release */ = {
			isa = XCBuildConfiguration;
			buildSettings = {
				ALWAYS_SEARCH_USER_PATHS = NO;
				CLANG_ANALYZER_NONNULL = YES;
				CLANG_ANALYZER_NUMBER_OBJECT_CONVERSION = YES_AGGRESSIVE;
				CLANG_CXX_LANGUAGE_STANDARD = "gnu++20";
				CLANG_ENABLE_MODULES = YES;
				CLANG_ENABLE_OBJC_ARC = YES;
				CLANG_ENABLE_OBJC_WEAK = YES;
				CLANG_WARN_BLOCK_CAPTURE_AUTORELEASING = YES;
				CLANG_WARN_BOOL_CONVERSION = YES;
				CLANG_WARN_COMMA = YES;
				CLANG_WARN_CONSTANT_CONVERSION = YES;
				CLANG_WARN_DEPRECATED_OBJC_IMPLEMENTATIONS = YES;
				CLANG_WARN_DIRECT_OBJC_ISA_USAGE = YES_ERROR;
				CLANG_WARN_DOCUMENTATION_COMMENTS = YES;
				CLANG_WARN_EMPTY_BODY = YES;
				CLANG_WARN_ENUM_CONVERSION = YES;
				CLANG_WARN_INFINITE_RECURSION = YES;
				CLANG_WARN_INT_CONVERSION = YES;
				CLANG_WARN_NON_LITERAL_NULL_CONVERSION = YES;
				CLANG_WARN_OBJC_IMPLICIT_RETAIN_SELF = YES;
				CLANG_WARN_OBJC_LITERAL_CONVERSION = YES;
				CLANG_WARN_OBJC_ROOT_CLASS = YES_ERROR;
				CLANG_WARN_QUOTED_INCLUDE_IN_FRAMEWORK_HEADER = YES;
				CLANG_WARN_RANGE_LOOP_ANALYSIS = YES;
				CLANG_WARN_STRICT_PROTOTYPES = YES;
				CLANG_WARN_SUSPICIOUS_MOVE = YES;
				CLANG_WARN_UNGUARDED_AVAILABILITY = YES_AGGRESSIVE;
				CLANG_WARN_UNREACHABLE_CODE = YES;
				CLANG_WARN__DUPLICATE_METHOD_MATCH = YES;
				COPY_PHASE_STRIP = NO;
				CURRENT_PROJECT_VERSION = 1;
				DEBUG_INFORMATION_FORMAT = "dwarf-with-dsym";
				ENABLE_NS_ASSERTIONS = NO;
				ENABLE_STRICT_OBJC_MSGSEND = YES;
				GCC_C_LANGUAGE_STANDARD = gnu11;
				GCC_NO_COMMON_BLOCKS = YES;
				GCC_WARN_64_TO_32_BIT_CONVERSION = YES;
				GCC_WARN_ABOUT_RETURN_TYPE = YES_ERROR;
				GCC_WARN_UNDECLARED_SELECTOR = YES;
				GCC_WARN_UNINITIALIZED_AUTOS = YES_AGGRESSIVE;
				GCC_WARN_UNUSED_FUNCTION = YES;
				GCC_WARN_UNUSED_VARIABLE = YES;
				IPHONEOS_DEPLOYMENT_TARGET = 16.2;
				MTL_ENABLE_DEBUG_INFO = NO;
				MTL_FAST_MATH = YES;
				SDKROOT = iphoneos;
				SWIFT_COMPILATION_MODE = wholemodule;
				SWIFT_OPTIMIZATION_LEVEL = "-O";
				VALIDATE_PRODUCT = YES;
				VERSIONING_SYSTEM = "apple-generic";
				VERSION_INFO_PREFIX = "";
			};
			name = Release;
		};
		39B2B4442953666300F45167 /* Debug */ = {
			isa = XCBuildConfiguration;
			buildSettings = {
				CLANG_ENABLE_MODULES = YES;
				CODE_SIGN_STYLE = Automatic;
				CURRENT_PROJECT_VERSION = 1;
				DEFINES_MODULE = YES;
				DEVELOPMENT_TEAM = 65BT94VC7B;
				DYLIB_COMPATIBILITY_VERSION = 1;
				DYLIB_CURRENT_VERSION = 1;
				DYLIB_INSTALL_NAME_BASE = "@rpath";
				FRAMEWORK_SEARCH_PATHS = (
					"$(inherited)",
					"$(PROJECT_DIR)/libs",
				);
				GENERATE_INFOPLIST_FILE = YES;
				INFOPLIST_KEY_NSHumanReadableCopyright = "";
				INSTALL_PATH = "$(LOCAL_LIBRARY_DIR)/Frameworks";
				LD_RUNPATH_SEARCH_PATHS = (
					"$(inherited)",
					"@executable_path/Frameworks",
					"@loader_path/Frameworks",
				);
				MARKETING_VERSION = 1.0;
				PRODUCT_BUNDLE_IDENTIFIER = com.igolf.Ios;
				PRODUCT_NAME = "$(TARGET_NAME:c99extidentifier)";
				SKIP_INSTALL = YES;
				SUPPORTED_PLATFORMS = "iphoneos iphonesimulator";
				SUPPORTS_MACCATALYST = NO;
				SUPPORTS_MAC_DESIGNED_FOR_IPHONE_IPAD = NO;
				SWIFT_EMIT_LOC_STRINGS = YES;
				SWIFT_OPTIMIZATION_LEVEL = "-Onone";
				SWIFT_VERSION = 5.0;
				TARGETED_DEVICE_FAMILY = "1,2";
			};
			name = Debug;
		};
		39B2B4452953666300F45167 /* Release */ = {
			isa = XCBuildConfiguration;
			buildSettings = {
				CLANG_ENABLE_MODULES = YES;
				CODE_SIGN_STYLE = Automatic;
				CURRENT_PROJECT_VERSION = 1;
				DEFINES_MODULE = YES;
				DEVELOPMENT_TEAM = 65BT94VC7B;
				DYLIB_COMPATIBILITY_VERSION = 1;
				DYLIB_CURRENT_VERSION = 1;
				DYLIB_INSTALL_NAME_BASE = "@rpath";
				FRAMEWORK_SEARCH_PATHS = (
					"$(inherited)",
					"$(PROJECT_DIR)/libs",
				);
				GENERATE_INFOPLIST_FILE = YES;
				INFOPLIST_KEY_NSHumanReadableCopyright = "";
				INSTALL_PATH = "$(LOCAL_LIBRARY_DIR)/Frameworks";
				LD_RUNPATH_SEARCH_PATHS = (
					"$(inherited)",
					"@executable_path/Frameworks",
					"@loader_path/Frameworks",
				);
				MARKETING_VERSION = 1.0;
				PRODUCT_BUNDLE_IDENTIFIER = com.igolf.Ios;
				PRODUCT_NAME = "$(TARGET_NAME:c99extidentifier)";
				SKIP_INSTALL = YES;
				SUPPORTED_PLATFORMS = "iphoneos iphonesimulator";
				SUPPORTS_MACCATALYST = NO;
				SUPPORTS_MAC_DESIGNED_FOR_IPHONE_IPAD = NO;
				SWIFT_EMIT_LOC_STRINGS = YES;
				SWIFT_VERSION = 5.0;
				TARGETED_DEVICE_FAMILY = "1,2";
			};
			name = Release;
		};
/* End XCBuildConfiguration section */

/* Begin XCConfigurationList section */
		39B2B4362953666300F45167 /* Build configuration list for PBXProject "Ios" */ = {
			isa = XCConfigurationList;
			buildConfigurations = (
				39B2B4412953666300F45167 /* Debug */,
				39B2B4422953666300F45167 /* Release */,
			);
			defaultConfigurationIsVisible = 0;
			defaultConfigurationName = Release;
		};
		39B2B4432953666300F45167 /* Build configuration list for PBXNativeTarget "Ios" */ = {
			isa = XCConfigurationList;
			buildConfigurations = (
				39B2B4442953666300F45167 /* Debug */,
				39B2B4452953666300F45167 /* Release */,
			);
			defaultConfigurationIsVisible = 0;
			defaultConfigurationName = Release;
		};
/* End XCConfigurationList section */
	};
	rootObject = 39B2B4332953666300F45167 /* Project object */;
}
